
Microsoft Visual Studio Solution File, Format Version 12.00
# Visual Studio Version 17
VisualStudioVersion = 17.5.33414.496
MinimumVisualStudioVersion = 10.0.40219.1
Project("{2150E333-8FDC-42A3-9474-1A3956D46DE8}") = "src", "src", "{5B4A3711-7BFF-4F07-AABD-3EEC9AB94A77}"
EndProject
Project("{9A19103F-16F7-4668-BE54-9A1E7A4F7556}") = "dotnet-subset", "src\dotnet-subset\dotnet-subset.csproj", "{4995C2BA-2570-4011-8C85-008462A147D1}"
EndProject
Project("{2150E333-8FDC-42A3-9474-1A3956D46DE8}") = "test", "test", "{77426E3F-D19B-49C1-A012-12F3C549455D}"
EndProject
Project("{9A19103F-16F7-4668-BE54-9A1E7A4F7556}") = "dotnet-subset.FunctionalTests", "test\dotnet-subset.FunctionalTests\dotnet-subset.FunctionalTests.csproj", "{120A48B4-1065-43F6-95AA-620F4B1BA392}"
EndProject
Project("{FAE04EC0-301F-11D3-BF4B-00C04F79EFBC}") = "Common", "src\Common\Common.csproj", "{A0F68417-8DD6-4EF5-9BF1-BB40D1866BA8}"
EndProject
Project("{FAE04EC0-301F-11D3-BF4B-00C04F79EFBC}") = "Common.UnitTests", "test\Common.UnitTests\Common.UnitTests.csproj", "{2AF74A88-76E4-4FED-AF17-10788F834028}"
EndProject
Global
	GlobalSection(SolutionConfigurationPlatforms) = preSolution
		Debug|Any CPU = Debug|Any CPU
		Release|Any CPU = Release|Any CPU
	EndGlobalSection
	GlobalSection(ProjectConfigurationPlatforms) = postSolution
		{4995C2BA-2570-4011-8C85-008462A147D1}.Debug|Any CPU.ActiveCfg = Debug|Any CPU
		{4995C2BA-2570-4011-8C85-008462A147D1}.Debug|Any CPU.Build.0 = Debug|Any CPU
		{4995C2BA-2570-4011-8C85-008462A147D1}.Release|Any CPU.ActiveCfg = Release|Any CPU
		{4995C2BA-2570-4011-8C85-008462A147D1}.Release|Any CPU.Build.0 = Release|Any CPU
		{120A48B4-1065-43F6-95AA-620F4B1BA392}.Debug|Any CPU.ActiveCfg = Debug|Any CPU
		{120A48B4-1065-43F6-95AA-620F4B1BA392}.Debug|Any CPU.Build.0 = Debug|Any CPU
		{120A48B4-1065-43F6-95AA-620F4B1BA392}.Release|Any CPU.ActiveCfg = Release|Any CPU
		{120A48B4-1065-43F6-95AA-620F4B1BA392}.Release|Any CPU.Build.0 = Release|Any CPU
		{A0F68417-8DD6-4EF5-9BF1-BB40D1866BA8}.Debug|Any CPU.ActiveCfg = Debug|Any CPU
		{A0F68417-8DD6-4EF5-9BF1-BB40D1866BA8}.Debug|Any CPU.Build.0 = Debug|Any CPU
		{A0F68417-8DD6-4EF5-9BF1-BB40D1866BA8}.Release|Any CPU.ActiveCfg = Release|Any CPU
		{A0F68417-8DD6-4EF5-9BF1-BB40D1866BA8}.Release|Any CPU.Build.0 = Release|Any CPU
		{2AF74A88-76E4-4FED-AF17-10788F834028}.Debug|Any CPU.ActiveCfg = Debug|Any CPU
		{2AF74A88-76E4-4FED-AF17-10788F834028}.Debug|Any CPU.Build.0 = Debug|Any CPU
		{2AF74A88-76E4-4FED-AF17-10788F834028}.Release|Any CPU.ActiveCfg = Release|Any CPU
		{2AF74A88-76E4-4FED-AF17-10788F834028}.Release|Any CPU.Build.0 = Release|Any CPU
	EndGlobalSection
	GlobalSection(SolutionProperties) = preSolution
		HideSolutionNode = FALSE
	EndGlobalSection
	GlobalSection(NestedProjects) = preSolution
		{4995C2BA-2570-4011-8C85-008462A147D1} = {5B4A3711-7BFF-4F07-AABD-3EEC9AB94A77}
		{120A48B4-1065-43F6-95AA-620F4B1BA392} = {77426E3F-D19B-49C1-A012-12F3C549455D}
		{A0F68417-8DD6-4EF5-9BF1-BB40D1866BA8} = {5B4A3711-7BFF-4F07-AABD-3EEC9AB94A77}
		{2AF74A88-76E4-4FED-AF17-10788F834028} = {77426E3F-D19B-49C1-A012-12F3C549455D}
	EndGlobalSection
	GlobalSection(ExtensibilityGlobals) = postSolution
		SolutionGuid = {3E630D17-B8AD-4362-9409-AB37FAC98A22}
	EndGlobalSection
EndGlobal
