
Microsoft Visual Studio Solution File, Format Version 12.00
# Visual Studio Version 16
VisualStudioVersion = 16.0.30114.105
MinimumVisualStudioVersion = 10.0.40219.1
Project("{2150E333-8FDC-42A3-9474-1A3956D46DE8}") = "src", "src", "{5B4A3711-7BFF-4F07-AABD-3EEC9AB94A77}"
EndProject
Project("{FAE04EC0-301F-11D3-BF4B-00C04F79EFBC}") = "dotnet-subset", "src\dotnet-subset\dotnet-subset.csproj", "{4995C2BA-2570-4011-8C85-008462A147D1}"
EndProject
Global
	GlobalSection(SolutionConfigurationPlatforms) = preSolution
		Debug|Any CPU = Debug|Any CPU
		Release|Any CPU = Release|Any CPU
	EndGlobalSection
	GlobalSection(SolutionProperties) = preSolution
		HideSolutionNode = FALSE
	EndGlobalSection
	GlobalSection(ProjectConfigurationPlatforms) = postSolution
		{4995C2BA-2570-4011-8C85-008462A147D1}.Debug|Any CPU.ActiveCfg = Debug|Any CPU
		{4995C2BA-2570-4011-8C85-008462A147D1}.Debug|Any CPU.Build.0 = Debug|Any CPU
		{4995C2BA-2570-4011-8C85-008462A147D1}.Release|Any CPU.ActiveCfg = Release|Any CPU
		{4995C2BA-2570-4011-8C85-008462A147D1}.Release|Any CPU.Build.0 = Release|Any CPU
	EndGlobalSection
	GlobalSection(NestedProjects) = preSolution
		{4995C2BA-2570-4011-8C85-008462A147D1} = {5B4A3711-7BFF-4F07-AABD-3EEC9AB94A77}
	EndGlobalSection
EndGlobal
